
Microsoft Visual Studio Solution File, Format Version 12.00
# Visual Studio Version 16
VisualStudioVersion = 16.0.31424.327
MinimumVisualStudioVersion = 10.0.40219.1
Project("{FAE04EC0-301F-11D3-BF4B-00C04F79EFBC}") = "Assingment 02", "Assingment 02.csproj", "{202488E7-5D20-4615-9F88-A4CBC9D2B30D}"
EndProject
Global
	GlobalSection(SolutionConfigurationPlatforms) = preSolution
		Debug|Any CPU = Debug|Any CPU
		Release|Any CPU = Release|Any CPU
	EndGlobalSection
	GlobalSection(ProjectConfigurationPlatforms) = postSolution
		{202488E7-5D20-4615-9F88-A4CBC9D2B30D}.Debug|Any CPU.ActiveCfg = Debug|Any CPU
		{202488E7-5D20-4615-9F88-A4CBC9D2B30D}.Debug|Any CPU.Build.0 = Debug|Any CPU
		{202488E7-5D20-4615-9F88-A4CBC9D2B30D}.Release|Any CPU.ActiveCfg = Release|Any CPU
		{202488E7-5D20-4615-9F88-A4CBC9D2B30D}.Release|Any CPU.Build.0 = Release|Any CPU
	EndGlobalSection
	GlobalSection(SolutionProperties) = preSolution
		HideSolutionNode = FALSE
	EndGlobalSection
	GlobalSection(ExtensibilityGlobals) = postSolution
		SolutionGuid = {44214B60-BFA3-4854-A827-991869C80948}
	EndGlobalSection
EndGlobal
